
Microsoft Visual Studio Solution File, Format Version 11.00
# Visual Studio 2010
Project("{FAE04EC0-301F-11D3-BF4B-00C04F79EFBC}") = "PCategoria", "PCategoria\PCategoria.csproj", "{C64D98D8-DC9F-4EDA-9988-44C9AF783F80}"
EndProject
Global
	GlobalSection(SolutionConfigurationPlatforms) = preSolution
		Debug|x86 = Debug|x86
		Release|x86 = Release|x86
	EndGlobalSection
	GlobalSection(ProjectConfigurationPlatforms) = postSolution
		{C64D98D8-DC9F-4EDA-9988-44C9AF783F80}.Debug|x86.ActiveCfg = Debug|x86
		{C64D98D8-DC9F-4EDA-9988-44C9AF783F80}.Debug|x86.Build.0 = Debug|x86
		{C64D98D8-DC9F-4EDA-9988-44C9AF783F80}.Release|x86.ActiveCfg = Release|x86
		{C64D98D8-DC9F-4EDA-9988-44C9AF783F80}.Release|x86.Build.0 = Release|x86
	EndGlobalSection
	GlobalSection(MonoDevelopProperties) = preSolution
		StartupItem = PCategoria\PCategoria.csproj
	EndGlobalSection
EndGlobal
